schema: '2.0'
stages:
  data_ingestion:
    cmd: python src/data/data_ingestion.py
    deps:
    - path: src/data/data_ingestion.py
      hash: md5
      md5: 42b20feb2b4f4ef249d691d6732fe5e4
      size: 4220
    params:
      params.yaml:
        data_ingestion.test_size: 0.2
    outs:
    - path: data/raw
      hash: md5
      md5: e13bcce40396cd334c8a7a334868166a.dir
      size: 6919701
      nfiles: 2
  data_preprocessing:
    cmd: python src/data/data_preprocessing.py
    deps:
    - path: data/raw
      hash: md5
      md5: e13bcce40396cd334c8a7a334868166a.dir
      size: 6919701
      nfiles: 2
    - path: src/data/data_preprocessing.py
      hash: md5
      md5: f997a07ec5d812b43a2bfa7ca740e7a0
      size: 3715
    outs:
    - path: data/interim
      hash: md5
      md5: ba42408e7bd1e85685474d6a349ae57e.dir
      size: 5134850
      nfiles: 2
  model_building:
    cmd: python src/model/model_building.py
    deps:
    - path: data/interim
      hash: md5
      md5: ba42408e7bd1e85685474d6a349ae57e.dir
      size: 5134850
      nfiles: 2
    - path: src/model/model_building.py
      hash: md5
      md5: 7535a489e792c486bd48d008c4e673c4
      size: 5474
    params:
      params.yaml:
        model_building.learning_rate: 0.09
        model_building.max_depth: 20
        model_building.max_features: 1000
        model_building.n_estimators: 367
        model_building.ngram_range:
        - 1
        - 3
    outs:
    - path: lgbm_model.pkl
      hash: md5
      md5: e69634a307f4c5b0c5459b70acd25572
      size: 3904347
    - path: tfidf_vectorizer.pkl
      hash: md5
      md5: d270e74d019a5d2119ac556006ab8cd6
      size: 36874
  model_evaluation:
    cmd: python src/model/model_evaluation.py
    deps:
    - path: data/interim
      hash: md5
      md5: ba42408e7bd1e85685474d6a349ae57e.dir
      size: 5134850
      nfiles: 2
    - path: lgbm_model.pkl
      hash: md5
      md5: e69634a307f4c5b0c5459b70acd25572
      size: 3904347
    - path: src/model/model_evaluation.py
      hash: md5
      md5: 12eaab8e00a14c9430e6ce5acbf24cfd
      size: 7182
    - path: tfidf_vectorizer.pkl
      hash: md5
      md5: d270e74d019a5d2119ac556006ab8cd6
      size: 36874
    outs:
    - path: experiment_info.json
      hash: md5
      md5: 95b5ab7e4c25fe56b3b00e20fcf437eb
      size: 171
  model_registration:
    cmd: python src/model/model_reg.py
    deps:
    - path: experiment_info.json
      hash: md5
      md5: 95b5ab7e4c25fe56b3b00e20fcf437eb
      size: 171
    - path: src/model/model_reg.py
      hash: md5
      md5: 2876107ff875482d0ced99e04bd9227d
      size: 3630
